
Microsoft Visual Studio Solution File, Format Version 12.00
# Visual Studio Version 17
VisualStudioVersion = 17.5.33516.290
MinimumVisualStudioVersion = 10.0.40219.1
Project("{9A19103F-16F7-4668-BE54-9A1E7A4F7556}") = "Practice18", "Practice_18\Practice18.csproj", "{9E431776-C8E3-4497-9396-8E5421EC3829}"
EndProject
Global
	GlobalSection(SolutionConfigurationPlatforms) = preSolution
		Debug|Any CPU = Debug|Any CPU
		Release|Any CPU = Release|Any CPU
	EndGlobalSection
	GlobalSection(ProjectConfigurationPlatforms) = postSolution
		{9E431776-C8E3-4497-9396-8E5421EC3829}.Debug|Any CPU.ActiveCfg = Debug|Any CPU
		{9E431776-C8E3-4497-9396-8E5421EC3829}.Debug|Any CPU.Build.0 = Debug|Any CPU
		{9E431776-C8E3-4497-9396-8E5421EC3829}.Release|Any CPU.ActiveCfg = Release|Any CPU
		{9E431776-C8E3-4497-9396-8E5421EC3829}.Release|Any CPU.Build.0 = Release|Any CPU
	EndGlobalSection
	GlobalSection(SolutionProperties) = preSolution
		HideSolutionNode = FALSE
	EndGlobalSection
	GlobalSection(ExtensibilityGlobals) = postSolution
		SolutionGuid = {4A3DD464-3AA7-4C72-8A37-D1ACC95A1029}
	EndGlobalSection
EndGlobal
